
Microsoft Visual Studio Solution File, Format Version 12.00
# Visual Studio Version 17
VisualStudioVersion = 17.0.31903.59
MinimumVisualStudioVersion = 10.0.40219.1
Project("{FAE04EC0-301F-11D3-BF4B-00C04F79EFBC}") = "FamilyMerchandise.Function", "FamilyMerchandise.Function\FamilyMerchandise.Function.csproj", "{B25E32BB-FC55-4226-967C-B7753AE1932F}"
EndProject
Project("{FAE04EC0-301F-11D3-BF4B-00C04F79EFBC}") = "FamilyMerchandise.Tests", "FamilyMerchandise.Tests\FamilyMerchandise.Tests.csproj", "{284EBBAC-522E-4175-AC60-C0FFA452019F}"
EndProject
Global
	GlobalSection(SolutionConfigurationPlatforms) = preSolution
		Debug|Any CPU = Debug|Any CPU
		Release|Any CPU = Release|Any CPU
	EndGlobalSection
	GlobalSection(SolutionProperties) = preSolution
		HideSolutionNode = FALSE
	EndGlobalSection
	GlobalSection(ProjectConfigurationPlatforms) = postSolution
		{B25E32BB-FC55-4226-967C-B7753AE1932F}.Debug|Any CPU.ActiveCfg = Debug|Any CPU
		{B25E32BB-FC55-4226-967C-B7753AE1932F}.Debug|Any CPU.Build.0 = Debug|Any CPU
		{B25E32BB-FC55-4226-967C-B7753AE1932F}.Release|Any CPU.ActiveCfg = Release|Any CPU
		{B25E32BB-FC55-4226-967C-B7753AE1932F}.Release|Any CPU.Build.0 = Release|Any CPU
		{284EBBAC-522E-4175-AC60-C0FFA452019F}.Debug|Any CPU.ActiveCfg = Debug|Any CPU
		{284EBBAC-522E-4175-AC60-C0FFA452019F}.Debug|Any CPU.Build.0 = Debug|Any CPU
		{284EBBAC-522E-4175-AC60-C0FFA452019F}.Release|Any CPU.ActiveCfg = Release|Any CPU
		{284EBBAC-522E-4175-AC60-C0FFA452019F}.Release|Any CPU.Build.0 = Release|Any CPU
	EndGlobalSection
EndGlobal
